
Microsoft Visual Studio Solution File, Format Version 12.00
# Visual Studio 15
VisualStudioVersion = 15.0.28010.2050
MinimumVisualStudioVersion = 10.0.40219.1
Project("{FAE04EC0-301F-11D3-BF4B-00C04F79EFBC}") = "立体库PLC调度系统", "S7_PLC信号监控系统\立体库PLC调度系统.csproj", "{A35D7216-90D1-4944-BA42-A9168250498D}"
EndProject
Global
	GlobalSection(SolutionConfigurationPlatforms) = preSolution
		Debug|Any CPU = Debug|Any CPU
		Release|Any CPU = Release|Any CPU
	EndGlobalSection
	GlobalSection(ProjectConfigurationPlatforms) = postSolution
		{A35D7216-90D1-4944-BA42-A9168250498D}.Debug|Any CPU.ActiveCfg = Debug|Any CPU
		{A35D7216-90D1-4944-BA42-A9168250498D}.Debug|Any CPU.Build.0 = Debug|Any CPU
		{A35D7216-90D1-4944-BA42-A9168250498D}.Release|Any CPU.ActiveCfg = Release|Any CPU
		{A35D7216-90D1-4944-BA42-A9168250498D}.Release|Any CPU.Build.0 = Release|Any CPU
	EndGlobalSection
	GlobalSection(SolutionProperties) = preSolution
		HideSolutionNode = FALSE
	EndGlobalSection
	GlobalSection(ExtensibilityGlobals) = postSolution
		SolutionGuid = {A5073D99-0B1D-4393-B74D-7046AD78A335}
	EndGlobalSection
EndGlobal
